
Microsoft Visual Studio Solution File, Format Version 12.00
# Visual Studio Version 17
VisualStudioVersion = 17.6.33815.320
MinimumVisualStudioVersion = 10.0.40219.1
Project("{2150E333-8FDC-42A3-9474-1A3956D46DE8}") = "Game", "Game", "{617943DF-60F3-4224-89AF-57346B8845BA}"
EndProject
Project("{2150E333-8FDC-42A3-9474-1A3956D46DE8}") = "Engine", "Engine", "{0202782C-CA73-4E23-AD42-FA3754AFCE24}"
EndProject
Project("{8BC9CEB8-8B4A-11D0-8D11-00A0C91BC942}") = "Game", "Source\Game\Game\Game.vcxproj", "{07B0DC92-5D77-4FA7-8710-25321F85F414}"
EndProject
Project("{8BC9CEB8-8B4A-11D0-8D11-00A0C91BC942}") = "Core", "Source\Engine\Core\Core.vcxproj", "{0751861A-ECE3-445B-A68B-9F1B16E1C2EE}"
EndProject
Project("{8BC9CEB8-8B4A-11D0-8D11-00A0C91BC942}") = "Renderer", "Source\Engine\renderer\renderer.vcxproj", "{82059872-F00C-4095-8073-68A058A2F7F8}"
EndProject
Project("{8BC9CEB8-8B4A-11D0-8D11-00A0C91BC942}") = "Framework", "Source\Engine\Framework\Framework.vcxproj", "{2050C645-D111-40E5-A765-BB22FB58B278}"
EndProject
Project("{8BC9CEB8-8B4A-11D0-8D11-00A0C91BC942}") = "Audio", "Source\Engine\Audio\Audio.vcxproj", "{0F722B34-173F-4BC4-B7CA-8BE92CA669D7}"
EndProject
Global
	GlobalSection(SolutionConfigurationPlatforms) = preSolution
		Debug|x64 = Debug|x64
		Debug|x86 = Debug|x86
		Release|x64 = Release|x64
		Release|x86 = Release|x86
	EndGlobalSection
	GlobalSection(ProjectConfigurationPlatforms) = postSolution
		{07B0DC92-5D77-4FA7-8710-25321F85F414}.Debug|x64.ActiveCfg = Debug|x64
		{07B0DC92-5D77-4FA7-8710-25321F85F414}.Debug|x64.Build.0 = Debug|x64
		{07B0DC92-5D77-4FA7-8710-25321F85F414}.Debug|x86.ActiveCfg = Debug|Win32
		{07B0DC92-5D77-4FA7-8710-25321F85F414}.Debug|x86.Build.0 = Debug|Win32
		{07B0DC92-5D77-4FA7-8710-25321F85F414}.Release|x64.ActiveCfg = Release|x64
		{07B0DC92-5D77-4FA7-8710-25321F85F414}.Release|x64.Build.0 = Release|x64
		{07B0DC92-5D77-4FA7-8710-25321F85F414}.Release|x86.ActiveCfg = Release|Win32
		{07B0DC92-5D77-4FA7-8710-25321F85F414}.Release|x86.Build.0 = Release|Win32
		{0751861A-ECE3-445B-A68B-9F1B16E1C2EE}.Debug|x64.ActiveCfg = Debug|x64
		{0751861A-ECE3-445B-A68B-9F1B16E1C2EE}.Debug|x64.Build.0 = Debug|x64
		{0751861A-ECE3-445B-A68B-9F1B16E1C2EE}.Debug|x86.ActiveCfg = Debug|Win32
		{0751861A-ECE3-445B-A68B-9F1B16E1C2EE}.Debug|x86.Build.0 = Debug|Win32
		{0751861A-ECE3-445B-A68B-9F1B16E1C2EE}.Release|x64.ActiveCfg = Release|x64
		{0751861A-ECE3-445B-A68B-9F1B16E1C2EE}.Release|x64.Build.0 = Release|x64
		{0751861A-ECE3-445B-A68B-9F1B16E1C2EE}.Release|x86.ActiveCfg = Release|Win32
		{0751861A-ECE3-445B-A68B-9F1B16E1C2EE}.Release|x86.Build.0 = Release|Win32
		{82059872-F00C-4095-8073-68A058A2F7F8}.Debug|x64.ActiveCfg = Debug|x64
		{82059872-F00C-4095-8073-68A058A2F7F8}.Debug|x64.Build.0 = Debug|x64
		{82059872-F00C-4095-8073-68A058A2F7F8}.Debug|x86.ActiveCfg = Debug|Win32
		{82059872-F00C-4095-8073-68A058A2F7F8}.Debug|x86.Build.0 = Debug|Win32
		{82059872-F00C-4095-8073-68A058A2F7F8}.Release|x64.ActiveCfg = Release|x64
		{82059872-F00C-4095-8073-68A058A2F7F8}.Release|x64.Build.0 = Release|x64
		{82059872-F00C-4095-8073-68A058A2F7F8}.Release|x86.ActiveCfg = Release|Win32
		{82059872-F00C-4095-8073-68A058A2F7F8}.Release|x86.Build.0 = Release|Win32
		{2050C645-D111-40E5-A765-BB22FB58B278}.Debug|x64.ActiveCfg = Debug|x64
		{2050C645-D111-40E5-A765-BB22FB58B278}.Debug|x64.Build.0 = Debug|x64
		{2050C645-D111-40E5-A765-BB22FB58B278}.Debug|x86.ActiveCfg = Debug|Win32
		{2050C645-D111-40E5-A765-BB22FB58B278}.Debug|x86.Build.0 = Debug|Win32
		{2050C645-D111-40E5-A765-BB22FB58B278}.Release|x64.ActiveCfg = Release|x64
		{2050C645-D111-40E5-A765-BB22FB58B278}.Release|x64.Build.0 = Release|x64
		{2050C645-D111-40E5-A765-BB22FB58B278}.Release|x86.ActiveCfg = Release|Win32
		{2050C645-D111-40E5-A765-BB22FB58B278}.Release|x86.Build.0 = Release|Win32
		{0F722B34-173F-4BC4-B7CA-8BE92CA669D7}.Debug|x64.ActiveCfg = Debug|x64
		{0F722B34-173F-4BC4-B7CA-8BE92CA669D7}.Debug|x64.Build.0 = Debug|x64
		{0F722B34-173F-4BC4-B7CA-8BE92CA669D7}.Debug|x86.ActiveCfg = Debug|Win32
		{0F722B34-173F-4BC4-B7CA-8BE92CA669D7}.Debug|x86.Build.0 = Debug|Win32
		{0F722B34-173F-4BC4-B7CA-8BE92CA669D7}.Release|x64.ActiveCfg = Release|x64
		{0F722B34-173F-4BC4-B7CA-8BE92CA669D7}.Release|x64.Build.0 = Release|x64
		{0F722B34-173F-4BC4-B7CA-8BE92CA669D7}.Release|x86.ActiveCfg = Release|Win32
		{0F722B34-173F-4BC4-B7CA-8BE92CA669D7}.Release|x86.Build.0 = Release|Win32
	EndGlobalSection
	GlobalSection(SolutionProperties) = preSolution
		HideSolutionNode = FALSE
	EndGlobalSection
	GlobalSection(NestedProjects) = preSolution
		{07B0DC92-5D77-4FA7-8710-25321F85F414} = {617943DF-60F3-4224-89AF-57346B8845BA}
		{0751861A-ECE3-445B-A68B-9F1B16E1C2EE} = {0202782C-CA73-4E23-AD42-FA3754AFCE24}
		{82059872-F00C-4095-8073-68A058A2F7F8} = {0202782C-CA73-4E23-AD42-FA3754AFCE24}
		{2050C645-D111-40E5-A765-BB22FB58B278} = {0202782C-CA73-4E23-AD42-FA3754AFCE24}
		{0F722B34-173F-4BC4-B7CA-8BE92CA669D7} = {0202782C-CA73-4E23-AD42-FA3754AFCE24}
	EndGlobalSection
	GlobalSection(ExtensibilityGlobals) = postSolution
		SolutionGuid = {D8FC6C84-EF41-49ED-B927-69B0C067BF72}
	EndGlobalSection
EndGlobal
